{
  "pins" : [
    {
      "identity" : "bigint",
      "kind" : "remoteSourceControl",
      "location" : "https://github.com/mgriebling/BigInt.git",
      "state" : {
        "revision" : "71aaa324df0dd4961484da47703de375ea7669ec",
        "version" : "2.0.11"
      }
    }
  ],
  "version" : 2
}
