{
  "pins" : [
    {
      "identity" : "bigint",
      "kind" : "remoteSourceControl",
      "location" : "https://github.com/mgriebling/BigInt.git",
      "state" : {
        "revision" : "63a4619704c990a67ccd6ba6837c80ee863a2eec",
        "version" : "2.2.4"
      }
    },
    {
      "identity" : "swift-numerics",
      "kind" : "remoteSourceControl",
      "location" : "https://github.com/apple/swift-numerics",
      "state" : {
        "revision" : "0a5bc04095a675662cf24757cc0640aa2204253b",
        "version" : "1.0.2"
      }
    },
    {
      "identity" : "uint128",
      "kind" : "remoteSourceControl",
      "location" : "https://github.com/mgriebling/UInt128.git",
      "state" : {
        "revision" : "59dac4f14d657fd60bacfdfb7398d38b450af74f",
        "version" : "3.1.5"
      }
    }
  ],
  "version" : 2
}
